
Microsoft Visual Studio Solution File, Format Version 12.00
# Visual Studio 15
VisualStudioVersion = 15.0.28307.106
MinimumVisualStudioVersion = 10.0.40219.1
Project("{FAE04EC0-301F-11D3-BF4B-00C04F79EFBC}") = "OnboardingTask", "OnboardingTask\OnboardingTask.csproj", "{1089CC56-0BCF-4AC9-A9B8-47700357CC55}"
EndProject
Global
	GlobalSection(SolutionConfigurationPlatforms) = preSolution
		Debug|Any CPU = Debug|Any CPU
		Release|Any CPU = Release|Any CPU
	EndGlobalSection
	GlobalSection(ProjectConfigurationPlatforms) = postSolution
		{1089CC56-0BCF-4AC9-A9B8-47700357CC55}.Debug|Any CPU.ActiveCfg = Debug|Any CPU
		{1089CC56-0BCF-4AC9-A9B8-47700357CC55}.Debug|Any CPU.Build.0 = Debug|Any CPU
		{1089CC56-0BCF-4AC9-A9B8-47700357CC55}.Release|Any CPU.ActiveCfg = Release|Any CPU
		{1089CC56-0BCF-4AC9-A9B8-47700357CC55}.Release|Any CPU.Build.0 = Release|Any CPU
	EndGlobalSection
	GlobalSection(SolutionProperties) = preSolution
		HideSolutionNode = FALSE
	EndGlobalSection
	GlobalSection(ExtensibilityGlobals) = postSolution
		SolutionGuid = {A63E8E43-3BE3-4DA2-9B9C-A9BB676C7554}
	EndGlobalSection
EndGlobal
